
Microsoft Visual Studio Solution File, Format Version 12.00
# Visual Studio 15
VisualStudioVersion = 15.0.27428.2027
MinimumVisualStudioVersion = 10.0.40219.1
Project("{FAE04EC0-301F-11D3-BF4B-00C04F79EFBC}") = "ADB-GUI-Utillity", "ADB-GUI-Utillity\ADB-GUI-Utillity.csproj", "{D7A6FF60-1D80-428B-BF8D-B48B2B451BB6}"
EndProject
Global
	GlobalSection(SolutionConfigurationPlatforms) = preSolution
		Debug|Any CPU = Debug|Any CPU
		Release|Any CPU = Release|Any CPU
	EndGlobalSection
	GlobalSection(ProjectConfigurationPlatforms) = postSolution
		{D7A6FF60-1D80-428B-BF8D-B48B2B451BB6}.Debug|Any CPU.ActiveCfg = Debug|Any CPU
		{D7A6FF60-1D80-428B-BF8D-B48B2B451BB6}.Debug|Any CPU.Build.0 = Debug|Any CPU
		{D7A6FF60-1D80-428B-BF8D-B48B2B451BB6}.Release|Any CPU.ActiveCfg = Release|Any CPU
		{D7A6FF60-1D80-428B-BF8D-B48B2B451BB6}.Release|Any CPU.Build.0 = Release|Any CPU
	EndGlobalSection
	GlobalSection(SolutionProperties) = preSolution
		HideSolutionNode = FALSE
	EndGlobalSection
	GlobalSection(ExtensibilityGlobals) = postSolution
		SolutionGuid = {17D99CE2-713B-438B-9221-D06C9FFA12BA}
	EndGlobalSection
EndGlobal
